
Microsoft Visual Studio Solution File, Format Version 12.00
# Visual Studio Version 17
VisualStudioVersion = 17.14.36717.8 d17.14
MinimumVisualStudioVersion = 10.0.40219.1
Project("{54A90642-561A-4BB1-A94E-469ADEE60C69}") = "reactdotnetapp.client", "reactdotnetapp.client\reactdotnetapp.client.esproj", "{C9A025F3-3CFC-3F46-41FB-6D4F3B8048DD}"
EndProject
Project("{FAE04EC0-301F-11D3-BF4B-00C04F79EFBC}") = "ReactDotNetApp.Server", "ReactDotNetApp.Server\ReactDotNetApp.Server.csproj", "{EB516264-2B0D-493C-8CF6-18F7698F94FD}"
EndProject
Global
	GlobalSection(SolutionConfigurationPlatforms) = preSolution
		Debug|Any CPU = Debug|Any CPU
		Release|Any CPU = Release|Any CPU
	EndGlobalSection
	GlobalSection(ProjectConfigurationPlatforms) = postSolution
		{C9A025F3-3CFC-3F46-41FB-6D4F3B8048DD}.Debug|Any CPU.ActiveCfg = Debug|Any CPU
		{C9A025F3-3CFC-3F46-41FB-6D4F3B8048DD}.Debug|Any CPU.Build.0 = Debug|Any CPU
		{C9A025F3-3CFC-3F46-41FB-6D4F3B8048DD}.Debug|Any CPU.Deploy.0 = Debug|Any CPU
		{C9A025F3-3CFC-3F46-41FB-6D4F3B8048DD}.Release|Any CPU.ActiveCfg = Release|Any CPU
		{C9A025F3-3CFC-3F46-41FB-6D4F3B8048DD}.Release|Any CPU.Build.0 = Release|Any CPU
		{C9A025F3-3CFC-3F46-41FB-6D4F3B8048DD}.Release|Any CPU.Deploy.0 = Release|Any CPU
		{EB516264-2B0D-493C-8CF6-18F7698F94FD}.Debug|Any CPU.ActiveCfg = Debug|Any CPU
		{EB516264-2B0D-493C-8CF6-18F7698F94FD}.Debug|Any CPU.Build.0 = Debug|Any CPU
		{EB516264-2B0D-493C-8CF6-18F7698F94FD}.Release|Any CPU.ActiveCfg = Release|Any CPU
		{EB516264-2B0D-493C-8CF6-18F7698F94FD}.Release|Any CPU.Build.0 = Release|Any CPU
	EndGlobalSection
	GlobalSection(SolutionProperties) = preSolution
		HideSolutionNode = FALSE
	EndGlobalSection
	GlobalSection(ExtensibilityGlobals) = postSolution
		SolutionGuid = {13497035-5F08-480A-A865-49CA133C85FA}
	EndGlobalSection
EndGlobal
